<?xml version="1.0" encoding="utf-8"?>
<Project ToolsVersion="4.0" xmlns="http://schemas.microsoft.com/developer/msbuild/2003">
  <ItemGroup>
    <Filter Include="Core">
      <UniqueIdentifier>{2EB4837C-1AEB-840D-C3D7-6A10AFED000F}</UniqueIdentifier>
    </Filter>
    <Filter Include="Platform">
      <UniqueIdentifier>{2AC788B4-1694-E3BF-3FAD-D1672BD9184E}</UniqueIdentifier>
    </Filter>
  </ItemGroup>
  <ItemGroup>
    <ClInclude Include="Keg\src\Application.h" />
    <ClInclude Include="Keg\src\Core\Event\Event.h">
      <Filter>Core</Filter>
    </ClInclude>
    <ClInclude Include="Keg\src\Core\Logger\Logger.h">
      <Filter>Core</Filter>
    </ClInclude>
    <ClInclude Include="Keg\src\EntryPoint.h" />
    <ClInclude Include="Keg\src\Keg.h" />
    <ClInclude Include="Keg\src\Platform\Window.h">
      <Filter>Platform</Filter>
    </ClInclude>
    <ClInclude Include="Keg\src\Platform\WindowsWindow.h">
      <Filter>Platform</Filter>
    </ClInclude>
    <ClInclude Include="Keg\src\Core\Event\KeyEvent.h" />
    <ClInclude Include="Keg\src\Core\KeyCodes.h" />
    <ClInclude Include="Keg\src\Core\Event\MouseEvent.h" />
    <ClInclude Include="Keg\src\Core\Layer\LayerStack.h" />
    <ClInclude Include="Keg\src\Core\Layer\Layer.h" />
    <ClInclude Include="Keg\src\Core\MouseCodes.h" />
    <ClInclude Include="Keg\src\Core\Event\WindowEvent.h" />
  </ItemGroup>
  <ItemGroup>
    <ClCompile Include="Keg\src\Application.cpp" />
    <ClCompile Include="Keg\src\Core\Logger\Logger.cpp">
      <Filter>Core</Filter>
    </ClCompile>
    <ClCompile Include="Keg\src\Platform\WindowsWindow.cpp">
      <Filter>Platform</Filter>
    </ClCompile>
    <ClCompile Include="Keg\src\Core\Layer\LayerStack.cpp" />
  </ItemGroup>
</Project>